
Microsoft Visual Studio Solution File, Format Version 12.00
# Visual Studio Version 17
VisualStudioVersion = 17.6.33801.468
MinimumVisualStudioVersion = 10.0.40219.1
Project("{9A19103F-16F7-4668-BE54-9A1E7A4F7556}") = "StoryNameLink", "StoryNameLink\StoryNameLink.csproj", "{99552968-D715-4189-9378-05E3E9843F2C}"
EndProject
Project("{9A19103F-16F7-4668-BE54-9A1E7A4F7556}") = "Domain.Entities", "Domain.Entities\Domain.Entities.csproj", "{BEFA9970-42A1-4AB1-8270-9D4489588001}"
EndProject
Project("{9A19103F-16F7-4668-BE54-9A1E7A4F7556}") = "Infrastructure", "Infrastructure\Infrastructure.csproj", "{2CF480D9-9E8F-4B89-B532-41CDD265B141}"
EndProject
Project("{9A19103F-16F7-4668-BE54-9A1E7A4F7556}") = "Services", "Services\Services.csproj", "{1887AECF-B07D-4AED-BF19-A2DEBC43CBF6}"
EndProject
Global
	GlobalSection(SolutionConfigurationPlatforms) = preSolution
		Debug|Any CPU = Debug|Any CPU
		Release|Any CPU = Release|Any CPU
	EndGlobalSection
	GlobalSection(ProjectConfigurationPlatforms) = postSolution
		{99552968-D715-4189-9378-05E3E9843F2C}.Debug|Any CPU.ActiveCfg = Debug|Any CPU
		{99552968-D715-4189-9378-05E3E9843F2C}.Debug|Any CPU.Build.0 = Debug|Any CPU
		{99552968-D715-4189-9378-05E3E9843F2C}.Release|Any CPU.ActiveCfg = Release|Any CPU
		{99552968-D715-4189-9378-05E3E9843F2C}.Release|Any CPU.Build.0 = Release|Any CPU
		{BEFA9970-42A1-4AB1-8270-9D4489588001}.Debug|Any CPU.ActiveCfg = Debug|Any CPU
		{BEFA9970-42A1-4AB1-8270-9D4489588001}.Debug|Any CPU.Build.0 = Debug|Any CPU
		{BEFA9970-42A1-4AB1-8270-9D4489588001}.Release|Any CPU.ActiveCfg = Release|Any CPU
		{BEFA9970-42A1-4AB1-8270-9D4489588001}.Release|Any CPU.Build.0 = Release|Any CPU
		{2CF480D9-9E8F-4B89-B532-41CDD265B141}.Debug|Any CPU.ActiveCfg = Debug|Any CPU
		{2CF480D9-9E8F-4B89-B532-41CDD265B141}.Debug|Any CPU.Build.0 = Debug|Any CPU
		{2CF480D9-9E8F-4B89-B532-41CDD265B141}.Release|Any CPU.ActiveCfg = Release|Any CPU
		{2CF480D9-9E8F-4B89-B532-41CDD265B141}.Release|Any CPU.Build.0 = Release|Any CPU
		{1887AECF-B07D-4AED-BF19-A2DEBC43CBF6}.Debug|Any CPU.ActiveCfg = Debug|Any CPU
		{1887AECF-B07D-4AED-BF19-A2DEBC43CBF6}.Debug|Any CPU.Build.0 = Debug|Any CPU
		{1887AECF-B07D-4AED-BF19-A2DEBC43CBF6}.Release|Any CPU.ActiveCfg = Release|Any CPU
		{1887AECF-B07D-4AED-BF19-A2DEBC43CBF6}.Release|Any CPU.Build.0 = Release|Any CPU
	EndGlobalSection
	GlobalSection(SolutionProperties) = preSolution
		HideSolutionNode = FALSE
	EndGlobalSection
	GlobalSection(ExtensibilityGlobals) = postSolution
		SolutionGuid = {98FC35E6-87CF-47FA-93B6-F7013BA052E0}
	EndGlobalSection
EndGlobal
